PODS:
  - FlutterMacOS (1.0.0)
  - rapidfuzz (0.0.1):
    - FlutterMacOS

DEPENDENCIES:
  - FlutterMacOS (from `Flutter/ephemeral`)
  - rapidfuzz (from `Flutter/ephemeral/.symlinks/plugins/rapidfuzz/macos`)

EXTERNAL SOURCES:
  FlutterMacOS:
    :path: Flutter/ephemeral
  rapidfuzz:
    :path: Flutter/ephemeral/.symlinks/plugins/rapidfuzz/macos

SPEC CHECKSUMS:
  FlutterMacOS: 8f6f14fa908a6fb3fba0cd85dbd81ec4b251fb24
  rapidfuzz: b3a5e2e57f097e87276f74866d6f6e101f7cf9fc

PODFILE CHECKSUM: 7eb978b976557c8c1cd717d8185ec483fd090a82

COCOAPODS: 1.16.2
